
Microsoft Visual Studio Solution File, Format Version 12.00
# Visual Studio Version 16
VisualStudioVersion = 16.0.30406.217
MinimumVisualStudioVersion = 10.0.40219.1
Project("{FAE04EC0-301F-11D3-BF4B-00C04F79EFBC}") = "Like.WebApi", "Like.WebApi\Like.WebApi.csproj", "{B12245BF-FFE2-4E8F-8E82-F7615D698441}"
EndProject
Global
	GlobalSection(SolutionConfigurationPlatforms) = preSolution
		Debug|Any CPU = Debug|Any CPU
		Release|Any CPU = Release|Any CPU
	EndGlobalSection
	GlobalSection(ProjectConfigurationPlatforms) = postSolution
		{B12245BF-FFE2-4E8F-8E82-F7615D698441}.Debug|Any CPU.ActiveCfg = Debug|Any CPU
		{B12245BF-FFE2-4E8F-8E82-F7615D698441}.Debug|Any CPU.Build.0 = Debug|Any CPU
		{B12245BF-FFE2-4E8F-8E82-F7615D698441}.Release|Any CPU.ActiveCfg = Release|Any CPU
		{B12245BF-FFE2-4E8F-8E82-F7615D698441}.Release|Any CPU.Build.0 = Release|Any CPU
	EndGlobalSection
	GlobalSection(SolutionProperties) = preSolution
		HideSolutionNode = FALSE
	EndGlobalSection
	GlobalSection(ExtensibilityGlobals) = postSolution
		SolutionGuid = {8FD7F232-B40D-4349-BEA9-09FB49702E0A}
	EndGlobalSection
EndGlobal
